
Microsoft Visual Studio Solution File, Format Version 12.00
# Visual Studio Version 17
VisualStudioVersion = 17.6.33815.320
MinimumVisualStudioVersion = 10.0.40219.1
Project("{FAE04EC0-301F-11D3-BF4B-00C04F79EFBC}") = "Split Screen", "Split Screen.csproj", "{0D9D9B5D-3A3A-40CD-AD76-7B1A30A75677}"
EndProject
Global
	GlobalSection(SolutionConfigurationPlatforms) = preSolution
		Debug|Any CPU = Debug|Any CPU
		Release|Any CPU = Release|Any CPU
	EndGlobalSection
	GlobalSection(ProjectConfigurationPlatforms) = postSolution
		{0D9D9B5D-3A3A-40CD-AD76-7B1A30A75677}.Debug|Any CPU.ActiveCfg = Debug|Any CPU
		{0D9D9B5D-3A3A-40CD-AD76-7B1A30A75677}.Debug|Any CPU.Build.0 = Debug|Any CPU
		{0D9D9B5D-3A3A-40CD-AD76-7B1A30A75677}.Release|Any CPU.ActiveCfg = Release|Any CPU
		{0D9D9B5D-3A3A-40CD-AD76-7B1A30A75677}.Release|Any CPU.Build.0 = Release|Any CPU
	EndGlobalSection
	GlobalSection(SolutionProperties) = preSolution
		HideSolutionNode = FALSE
	EndGlobalSection
	GlobalSection(ExtensibilityGlobals) = postSolution
		SolutionGuid = {22CA2C28-21C9-47E0-BD9E-D9FACD894AA8}
	EndGlobalSection
EndGlobal
